{
  "version": 4,
  "terraform_version": "0.12.20",
  "serial": 45,
  "lineage": "544e7d78-e160-bb92-4e98-7ea9931cdb87",
  "outputs": {},
  "resources": [
    {
      "mode": "managed",
      "type": "aws_instance",
      "name": "wb",
      "provider": "provider.aws",
      "instances": [
        {
          "schema_version": 1,
          "attributes": {
            "ami": "ami-062f7200baf2fa504",
            "arn": "arn:aws:ec2:us-east-1:328305888444:instance/i-0b095ceae380a2583",
            "associate_public_ip_address": true,
            "availability_zone": "us-east-1a",
            "cpu_core_count": 1,
            "cpu_threads_per_core": 1,
            "credit_specification": [
              {
                "cpu_credits": "standard"
              }
            ],
            "disable_api_termination": false,
            "ebs_block_device": [],
            "ebs_optimized": false,
            "ephemeral_block_device": [],
            "get_password_data": false,
            "host_id": null,
            "iam_instance_profile": "",
            "id": "i-0b095ceae380a2583",
            "instance_initiated_shutdown_behavior": null,
            "instance_state": "running",
            "instance_type": "t2.micro",
            "ipv6_address_count": 0,
            "ipv6_addresses": [],
            "key_name": "kp_devops",
            "monitoring": false,
            "network_interface": [],
            "network_interface_id": null,
            "password_data": "",
            "placement_group": "",
            "primary_network_interface_id": "eni-08035fd324948d2b1",
            "private_dns": "ip-10-0-1-206.ec2.internal",
            "private_ip": "10.0.1.206",
            "public_dns": "ec2-3-85-225-120.compute-1.amazonaws.com",
            "public_ip": "3.85.225.120",
            "root_block_device": [
              {
                "delete_on_termination": true,
                "encrypted": false,
                "iops": 100,
                "kms_key_id": "",
                "volume_id": "vol-0a31be89a2060f59e",
                "volume_size": 8,
                "volume_type": "gp2"
              }
            ],
            "security_groups": [],
            "source_dest_check": true,
            "subnet_id": "subnet-08005339d802057a5",
            "tags": {
              "Name": "ec2_devops"
            },
            "tenancy": "default",
            "timeouts": null,
            "user_data": "c9138e1cc65e979e86a759d0b3116584fb6bf94b",
            "user_data_base64": null,
            "volume_tags": {},
            "vpc_security_group_ids": [
              "sg-0121f18f67547dcf1"
            ]
          },
          "private": "eyJlMmJmYjczMC1lY2FhLTExZTYtOGY4OC0zNDM2M2JjN2M0YzAiOnsiY3JlYXRlIjo2MDAwMDAwMDAwMDAsImRlbGV0ZSI6MTIwMDAwMDAwMDAwMCwidXBkYXRlIjo2MDAwMDAwMDAwMDB9LCJzY2hlbWFfdmVyc2lvbiI6IjEifQ==",
          "dependencies": [
            "aws_key_pair.default",
            "aws_security_group.sgweb",
            "aws_subnet.public-subnet",
            "aws_vpc.default"
          ]
        }
      ]
    },
    {
      "mode": "managed",
      "type": "aws_internet_gateway",
      "name": "gw",
      "provider": "provider.aws",
      "instances": [
        {
          "schema_version": 0,
          "attributes": {
            "id": "igw-0665456a7fb1c7241",
            "owner_id": "328305888444",
            "tags": {
              "Name": "vpc_devops_IGW"
            },
            "vpc_id": "vpc-0d8912e48fd9667c8"
          },
          "private": "bnVsbA==",
          "dependencies": [
            "aws_vpc.default"
          ]
        }
      ]
    },
    {
      "mode": "managed",
      "type": "aws_key_pair",
      "name": "default",
      "provider": "provider.aws",
      "instances": [
        {
          "schema_version": 1,
          "attributes": {
            "fingerprint": "25:2f:26:30:d6:71:9d:21:e2:25:7f:c6:09:81:53:21",
            "id": "kp_devops",
            "key_name": "kp_devops",
            "key_name_prefix": null,
            "public_key": "---- BEGIN SSH2 PUBLIC KEY ----\r\nComment: \"imported-openssh-key\"\r\nAAAAB3NzaC1yc2EAAAADAQABAAABAQCLuaxP3swU34A15WGw6EJHkU7bi57fYjsM\r\nAZF3yAYaFwbWZVigI2rnhqnhsPs7IfUK9Ku5FRgHIQXsJ48n1BTlsMdY45w48se7\r\nf8gpYACN9mseJNj0kAyBHzm8kVVK2B52tBNUSJB/jZb4d9lpGB7Mvf2N3KJbUTp5\r\no0hhcUzZJtoyTyTHRtLN5iPXXr4vBRU9keBwSi1BZbq73uHEZC6Jiwr9vbF63FSK\r\n5obS7B68PaX6C2D2zyH+rECC9fuISHr5BCxlX7TgA1cGUeIL6mAteaJwSbOFCRyq\r\n/SQyBbXfn4hHzU/WKuQ6Y3/1OHtH53XGVYLOdJ9GUERPu4CGgQa3\r\n---- END SSH2 PUBLIC KEY ----"
          },
          "private": "eyJzY2hlbWFfdmVyc2lvbiI6IjEifQ=="
        }
      ]
    },
    {
      "mode": "managed",
      "type": "aws_route_table",
      "name": "web-public-rt",
      "provider": "provider.aws",
      "instances": [
        {
          "schema_version": 0,
          "attributes": {
            "id": "rtb-074125b1ca144b1c2",
            "owner_id": "328305888444",
            "propagating_vgws": [],
            "route": [
              {
                "cidr_block": "0.0.0.0/0",
                "egress_only_gateway_id": "",
                "gateway_id": "igw-0665456a7fb1c7241",
                "instance_id": "",
                "ipv6_cidr_block": "",
                "nat_gateway_id": "",
                "network_interface_id": "",
                "transit_gateway_id": "",
                "vpc_peering_connection_id": ""
              }
            ],
            "tags": {
              "Name": "Public Subnet RT"
            },
            "vpc_id": "vpc-0d8912e48fd9667c8"
          },
          "private": "bnVsbA==",
          "dependencies": [
            "aws_internet_gateway.gw",
            "aws_vpc.default"
          ]
        }
      ]
    },
    {
      "mode": "managed",
      "type": "aws_route_table_association",
      "name": "web-public-rt",
      "provider": "provider.aws",
      "instances": [
        {
          "schema_version": 0,
          "attributes": {
            "gateway_id": null,
            "id": "rtbassoc-061a1d32241f8d55c",
            "route_table_id": "rtb-074125b1ca144b1c2",
            "subnet_id": "subnet-08005339d802057a5"
          },
          "private": "bnVsbA==",
          "dependencies": [
            "aws_internet_gateway.gw",
            "aws_route_table.web-public-rt",
            "aws_subnet.public-subnet",
            "aws_vpc.default"
          ]
        }
      ]
    },
    {
      "mode": "managed",
      "type": "aws_security_group",
      "name": "sgweb",
      "provider": "provider.aws",
      "instances": [
        {
          "schema_version": 1,
          "attributes": {
            "arn": "arn:aws:ec2:us-east-1:328305888444:security-group/sg-0121f18f67547dcf1",
            "description": "Allow incoming HTTP connections \u0026 SSH access",
            "egress": [
              {
                "cidr_blocks": [
                  "0.0.0.0/0"
                ],
                "description": "",
                "from_port": 0,
                "ipv6_cidr_blocks": [],
                "prefix_list_ids": [],
                "protocol": "-1",
                "security_groups": [],
                "self": false,
                "to_port": 0
              }
            ],
            "id": "sg-0121f18f67547dcf1",
            "ingress": [
              {
                "cidr_blocks": [
                  "0.0.0.0/0"
                ],
                "description": "",
                "from_port": 22,
                "ipv6_cidr_blocks": [],
                "prefix_list_ids": [],
                "protocol": "tcp",
                "security_groups": [],
                "self": false,
                "to_port": 22
              },
              {
                "cidr_blocks": [
                  "0.0.0.0/0"
                ],
                "description": "",
                "from_port": 80,
                "ipv6_cidr_blocks": [],
                "prefix_list_ids": [],
                "protocol": "tcp",
                "security_groups": [],
                "self": false,
                "to_port": 80
              }
            ],
            "name": "sg_devops",
            "name_prefix": null,
            "owner_id": "328305888444",
            "revoke_rules_on_delete": false,
            "tags": {
              "Name": "public_subnet_SG"
            },
            "timeouts": null,
            "vpc_id": "vpc-0d8912e48fd9667c8"
          },
          "private": "eyJlMmJmYjczMC1lY2FhLTExZTYtOGY4OC0zNDM2M2JjN2M0YzAiOnsiY3JlYXRlIjo2MDAwMDAwMDAwMDAsImRlbGV0ZSI6NjAwMDAwMDAwMDAwfSwic2NoZW1hX3ZlcnNpb24iOiIxIn0=",
          "dependencies": [
            "aws_vpc.default"
          ]
        }
      ]
    },
    {
      "mode": "managed",
      "type": "aws_subnet",
      "name": "public-subnet",
      "provider": "provider.aws",
      "instances": [
        {
          "schema_version": 1,
          "attributes": {
            "arn": "arn:aws:ec2:us-east-1:328305888444:subnet/subnet-08005339d802057a5",
            "assign_ipv6_address_on_creation": false,
            "availability_zone": "us-east-1a",
            "availability_zone_id": "use1-az6",
            "cidr_block": "10.0.1.0/24",
            "id": "subnet-08005339d802057a5",
            "ipv6_cidr_block": "",
            "ipv6_cidr_block_association_id": "",
            "map_public_ip_on_launch": false,
            "owner_id": "328305888444",
            "tags": {
              "Name": "sub_public_subnet"
            },
            "timeouts": null,
            "vpc_id": "vpc-0d8912e48fd9667c8"
          },
          "private": "eyJlMmJmYjczMC1lY2FhLTExZTYtOGY4OC0zNDM2M2JjN2M0YzAiOnsiY3JlYXRlIjo2MDAwMDAwMDAwMDAsImRlbGV0ZSI6MTIwMDAwMDAwMDAwMH0sInNjaGVtYV92ZXJzaW9uIjoiMSJ9",
          "dependencies": [
            "aws_vpc.default"
          ]
        }
      ]
    },
    {
      "mode": "managed",
      "type": "aws_vpc",
      "name": "default",
      "provider": "provider.aws",
      "instances": [
        {
          "schema_version": 1,
          "attributes": {
            "arn": "arn:aws:ec2:us-east-1:328305888444:vpc/vpc-0d8912e48fd9667c8",
            "assign_generated_ipv6_cidr_block": false,
            "cidr_block": "10.0.0.0/16",
            "default_network_acl_id": "acl-0a334667ac366a183",
            "default_route_table_id": "rtb-029f660c91c8689ff",
            "default_security_group_id": "sg-0170189f2bc04707e",
            "dhcp_options_id": "dopt-fe915a84",
            "enable_classiclink": false,
            "enable_classiclink_dns_support": false,
            "enable_dns_hostnames": true,
            "enable_dns_support": true,
            "id": "vpc-0d8912e48fd9667c8",
            "instance_tenancy": "default",
            "ipv6_association_id": "",
            "ipv6_cidr_block": "",
            "main_route_table_id": "rtb-029f660c91c8689ff",
            "owner_id": "328305888444",
            "tags": {
              "Name": "vpc_devops"
            }
          },
          "private": "eyJzY2hlbWFfdmVyc2lvbiI6IjEifQ=="
        }
      ]
    }
  ]
}
